
Microsoft Visual Studio Solution File, Format Version 12.00
# Visual Studio Version 16
VisualStudioVersion = 16.0.810.7
MinimumVisualStudioVersion = 10.0.40219.1
Project("{FAE04EC0-301F-11D3-BF4B-00C04F79EFBC}") = "DataAggregator", "DataAggregator\DataAggregator.csproj", "{C623432E-6AA4-4374-974D-3371DDB7250E}"
EndProject
Global
	GlobalSection(SolutionConfigurationPlatforms) = preSolution
		Debug|Any CPU = Debug|Any CPU
		Release|Any CPU = Release|Any CPU
	EndGlobalSection
	GlobalSection(ProjectConfigurationPlatforms) = postSolution
		{C623432E-6AA4-4374-974D-3371DDB7250E}.Debug|Any CPU.ActiveCfg = Debug|Any CPU
		{C623432E-6AA4-4374-974D-3371DDB7250E}.Debug|Any CPU.Build.0 = Debug|Any CPU
		{C623432E-6AA4-4374-974D-3371DDB7250E}.Release|Any CPU.ActiveCfg = Release|Any CPU
		{C623432E-6AA4-4374-974D-3371DDB7250E}.Release|Any CPU.Build.0 = Release|Any CPU
	EndGlobalSection
	GlobalSection(SolutionProperties) = preSolution
		HideSolutionNode = FALSE
	EndGlobalSection
	GlobalSection(ExtensibilityGlobals) = postSolution
		SolutionGuid = {3F288CC2-A586-4611-90F0-B87E4AEF7C26}
	EndGlobalSection
EndGlobal
